
Microsoft Visual Studio Solution File, Format Version 12.00
# Visual Studio Version 17
VisualStudioVersion = 17.2.32616.157
MinimumVisualStudioVersion = 10.0.40219.1
Project("{FAE04EC0-301F-11D3-BF4B-00C04F79EFBC}") = "AreaOfCircle", "AreaOfCircle\AreaOfCircle.csproj", "{BED6BEB4-F18F-474D-8F97-D969AC776DD1}"
EndProject
Global
	GlobalSection(SolutionConfigurationPlatforms) = preSolution
		Debug|Any CPU = Debug|Any CPU
		Release|Any CPU = Release|Any CPU
	EndGlobalSection
	GlobalSection(ProjectConfigurationPlatforms) = postSolution
		{BED6BEB4-F18F-474D-8F97-D969AC776DD1}.Debug|Any CPU.ActiveCfg = Debug|Any CPU
		{BED6BEB4-F18F-474D-8F97-D969AC776DD1}.Debug|Any CPU.Build.0 = Debug|Any CPU
		{BED6BEB4-F18F-474D-8F97-D969AC776DD1}.Release|Any CPU.ActiveCfg = Release|Any CPU
		{BED6BEB4-F18F-474D-8F97-D969AC776DD1}.Release|Any CPU.Build.0 = Release|Any CPU
	EndGlobalSection
	GlobalSection(SolutionProperties) = preSolution
		HideSolutionNode = FALSE
	EndGlobalSection
	GlobalSection(ExtensibilityGlobals) = postSolution
		SolutionGuid = {C8889E8C-53D9-4CB1-B272-F5E8317B1D9D}
	EndGlobalSection
EndGlobal
